# THIS IS AN AUTOGENERATED FILE. DO NOT EDIT THIS FILE DIRECTLY.
# yarn lockfile v1


lottie-react@^2.4.0:
  version "2.4.0"
  resolved "https://registry.yarnpkg.com/lottie-react/-/lottie-react-2.4.0.tgz#f7249eee2b1deee70457a2d142194fdf2456e4bd"
  integrity sha512-pDJGj+AQlnlyHvOHFK7vLdsDcvbuqvwPZdMlJ360wrzGFurXeKPr8SiRCjLf3LrNYKANQtSsh5dz9UYQHuqx4w==
  dependencies:
    lottie-web "^5.10.2"

lottie-web@^5.10.2:
  version "5.12.2"
  resolved "https://registry.yarnpkg.com/lottie-web/-/lottie-web-5.12.2.tgz#579ca9fe6d3fd9e352571edd3c0be162492f68e5"
  integrity sha512-uvhvYPC8kGPjXT3MyKMrL3JitEAmDMp30lVkuq/590Mw9ok6pWcFCwXJveo0t5uqYw1UREQHofD+jVpdjBv8wg==
